// !$*UTF8*$!
{
	archiveVersion = 1;
	classes = {
	};
	objectVersion = 51;
	objects = {

/* Begin PBXBuildFile section */
		3D18DCB1260B538E00865673 /* NewsDetailViewControllerTransitionAnimator.swift in Sources */ = {isa = PBXBuildFile; fileRef = 3D18DCB0260B538E00865673 /* NewsDetailViewControllerTransitionAnimator.swift */; };
		3D2B897826051F3B006A0201 /* SustainabilityIntroPageCollectionViewCell.swift in Sources */ = {isa = PBXBuildFile; fileRef = 3D2B897626051F3B006A0201 /* SustainabilityIntroPageCollectionViewCell.swift */; };
		3D2B897926051F3B006A0201 /* SustainabilityIntroPageCollectionViewCell.xib in Resources */ = {isa = PBXBuildFile; fileRef = 3D2B897726051F3B006A0201 /* SustainabilityIntroPageCollectionViewCell.xib */; };
		3D30F7EA25FD544D0036FFE2 /* DataStore.swift in Sources */ = {isa = PBXBuildFile; fileRef = 3D30F7E925FD544D0036FFE2 /* DataStore.swift */; };
		3D30F7F325FD5CD80036FFE2 /* DriverThumbnailCollectionViewCell.swift in Sources */ = {isa = PBXBuildFile; fileRef = 3D30F7F125FD5CD80036FFE2 /* DriverThumbnailCollectionViewCell.swift */; };
		3D30F7F425FD5CD80036FFE2 /* DriverThumbnailCollectionViewCell.xib in Resources */ = {isa = PBXBuildFile; fileRef = 3D30F7F225FD5CD80036FFE2 /* DriverThumbnailCollectionViewCell.xib */; };
		3D30F80B25FD5EE00036FFE2 /* OpenSans-Light.ttf in Resources */ = {isa = PBXBuildFile; fileRef = 3D30F7FD25FD5EDF0036FFE2 /* OpenSans-Light.ttf */; };
		3D30F80C25FD5EE00036FFE2 /* OpenSans-ExtraBold.ttf in Resources */ = {isa = PBXBuildFile; fileRef = 3D30F7FE25FD5EDF0036FFE2 /* OpenSans-ExtraBold.ttf */; };
		3D30F80D25FD5EE00036FFE2 /* OpenSans-BoldItalic.ttf in Resources */ = {isa = PBXBuildFile; fileRef = 3D30F7FF25FD5EDF0036FFE2 /* OpenSans-BoldItalic.ttf */; };
		3D30F80E25FD5EE00036FFE2 /* SFProText-Heavy.otf in Resources */ = {isa = PBXBuildFile; fileRef = 3D30F80025FD5EDF0036FFE2 /* SFProText-Heavy.otf */; };
		3D30F80F25FD5EE00036FFE2 /* SFProText-Regular.otf in Resources */ = {isa = PBXBuildFile; fileRef = 3D30F80125FD5EDF0036FFE2 /* SFProText-Regular.otf */; };
		3D30F81025FD5EE00036FFE2 /* OpenSans-Italic.ttf in Resources */ = {isa = PBXBuildFile; fileRef = 3D30F80225FD5EDF0036FFE2 /* OpenSans-Italic.ttf */; };
		3D30F81125FD5EE00036FFE2 /* OpenSans-LightItalic.ttf in Resources */ = {isa = PBXBuildFile; fileRef = 3D30F80325FD5EE00036FFE2 /* OpenSans-LightItalic.ttf */; };
		3D30F81225FD5EE00036FFE2 /* OpenSans-SemiBoldItalic.ttf in Resources */ = {isa = PBXBuildFile; fileRef = 3D30F80425FD5EE00036FFE2 /* OpenSans-SemiBoldItalic.ttf */; };
		3D30F81325FD5EE00036FFE2 /* SFProText-Bold.otf in Resources */ = {isa = PBXBuildFile; fileRef = 3D30F80525FD5EE00036FFE2 /* SFProText-Bold.otf */; };
		3D30F81425FD5EE00036FFE2 /* SFProText-Semibold.otf in Resources */ = {isa = PBXBuildFile; fileRef = 3D30F80625FD5EE00036FFE2 /* SFProText-Semibold.otf */; };
		3D30F81525FD5EE00036FFE2 /* OpenSans-ExtraBoldItalic.ttf in Resources */ = {isa = PBXBuildFile; fileRef = 3D30F80725FD5EE00036FFE2 /* OpenSans-ExtraBoldItalic.ttf */; };
		3D30F81625FD5EE00036FFE2 /* OpenSans-Regular.ttf in Resources */ = {isa = PBXBuildFile; fileRef = 3D30F80825FD5EE00036FFE2 /* OpenSans-Regular.ttf */; };
		3D30F81725FD5EE00036FFE2 /* OpenSans-SemiBold.ttf in Resources */ = {isa = PBXBuildFile; fileRef = 3D30F80925FD5EE00036FFE2 /* OpenSans-SemiBold.ttf */; };
		3D30F81825FD5EE00036FFE2 /* OpenSans-Bold.ttf in Resources */ = {isa = PBXBuildFile; fileRef = 3D30F80A25FD5EE00036FFE2 /* OpenSans-Bold.ttf */; };
		3D46F81C25F6964B00C2A6A8 /* HomeViewController.swift in Sources */ = {isa = PBXBuildFile; fileRef = 3D46F81A25F6964B00C2A6A8 /* HomeViewController.swift */; };
		3D46F81D25F6964B00C2A6A8 /* HomeViewController.xib in Resources */ = {isa = PBXBuildFile; fileRef = 3D46F81B25F6964B00C2A6A8 /* HomeViewController.xib */; };
		3D47328F260F6E5300CB32D4 /* NewsDetailCollectionViewCell.swift in Sources */ = {isa = PBXBuildFile; fileRef = 3D47328D260F6E5300CB32D4 /* NewsDetailCollectionViewCell.swift */; };
		3D473290260F6E5300CB32D4 /* NewsDetailCollectionViewCell.xib in Resources */ = {isa = PBXBuildFile; fileRef = 3D47328E260F6E5300CB32D4 /* NewsDetailCollectionViewCell.xib */; };
		3D49269B260CDFF50050EE2F /* AvenirNext-Medium.otf in Resources */ = {isa = PBXBuildFile; fileRef = 3D49269A260CDFF50050EE2F /* AvenirNext-Medium.otf */; };
		3D512E2225D4547200B21FF6 /* AppDelegate.swift in Sources */ = {isa = PBXBuildFile; fileRef = 3D512E2125D4547200B21FF6 /* AppDelegate.swift */; };
		3D512E2625D4547200B21FF6 /* ViewController.swift in Sources */ = {isa = PBXBuildFile; fileRef = 3D512E2525D4547200B21FF6 /* ViewController.swift */; };
		3D512E2B25D4547400B21FF6 /* Assets.xcassets in Resources */ = {isa = PBXBuildFile; fileRef = 3D512E2A25D4547400B21FF6 /* Assets.xcassets */; };
		3D512E2E25D4547400B21FF6 /* LaunchScreen.storyboard in Resources */ = {isa = PBXBuildFile; fileRef = 3D512E2C25D4547400B21FF6 /* LaunchScreen.storyboard */; };
		3D512E3925D4547400B21FF6 /* DriveToSurviveTests.swift in Sources */ = {isa = PBXBuildFile; fileRef = 3D512E3825D4547400B21FF6 /* DriveToSurviveTests.swift */; };
		3D512E4425D4547400B21FF6 /* DriveToSurviveUITests.swift in Sources */ = {isa = PBXBuildFile; fileRef = 3D512E4325D4547400B21FF6 /* DriveToSurviveUITests.swift */; };
		3D512E5825D45D8100B21FF6 /* SplashScreenViewController.swift in Sources */ = {isa = PBXBuildFile; fileRef = 3D512E5625D45D8100B21FF6 /* SplashScreenViewController.swift */; };
		3D512E5925D45D8100B21FF6 /* SplashScreenViewController.xib in Resources */ = {isa = PBXBuildFile; fileRef = 3D512E5725D45D8100B21FF6 /* SplashScreenViewController.xib */; };
		3D512EA125D8197800B21FF6 /* SplashScreenCarouselItem.swift in Sources */ = {isa = PBXBuildFile; fileRef = 3D512EA025D8197700B21FF6 /* SplashScreenCarouselItem.swift */; };
		3D6343FC260A64B8003EBACE /* settings.json in Resources */ = {isa = PBXBuildFile; fileRef = 3D6343FB260A64B8003EBACE /* settings.json */; };
		3D6F40CF25F51B320090CA45 /* ParallaxCollectionViewLayoutAttributes.swift in Sources */ = {isa = PBXBuildFile; fileRef = 3D6F40CE25F51B320090CA45 /* ParallaxCollectionViewLayoutAttributes.swift */; };
		3D6F40D425F51C170090CA45 /* ParallaxCollectionViewLayout.swift in Sources */ = {isa = PBXBuildFile; fileRef = 3D6F40D325F51C170090CA45 /* ParallaxCollectionViewLayout.swift */; };
		3D6F40D925F523960090CA45 /* ParallaxCollectionViewCell.swift in Sources */ = {isa = PBXBuildFile; fileRef = 3D6F40D825F523960090CA45 /* ParallaxCollectionViewCell.swift */; };
		3D6F40DE25F52AE10090CA45 /* ParallaxCardView.swift in Sources */ = {isa = PBXBuildFile; fileRef = 3D6F40DD25F52AE10090CA45 /* ParallaxCardView.swift */; };
		3D782105260E5C80000B626F /* NewsDetailCollectionViewController.swift in Sources */ = {isa = PBXBuildFile; fileRef = 3D782104260E5C80000B626F /* NewsDetailCollectionViewController.swift */; };
		3D782114260E6527000B626F /* NewsDetailHeaderView.swift in Sources */ = {isa = PBXBuildFile; fileRef = 3D782113260E6527000B626F /* NewsDetailHeaderView.swift */; };
		3D78211D260E6C9C000B626F /* NewsDetailCollectionViewFlowLayout.swift in Sources */ = {isa = PBXBuildFile; fileRef = 3D78211C260E6C9C000B626F /* NewsDetailCollectionViewFlowLayout.swift */; };
		3D97D2C926062245007D1328 /* community2.json in Resources */ = {isa = PBXBuildFile; fileRef = 3D97D2C826062245007D1328 /* community2.json */; };
		3D97D2CF26068020007D1328 /* UIExtensions.swift in Sources */ = {isa = PBXBuildFile; fileRef = 3D97D2CE26068020007D1328 /* UIExtensions.swift */; };
		3D97D2F326077811007D1328 /* CustomTransitionViewController.swift in Sources */ = {isa = PBXBuildFile; fileRef = 3D97D2ED26077811007D1328 /* CustomTransitionViewController.swift */; };
		3D97D2F426077811007D1328 /* SpinerLayer.swift in Sources */ = {isa = PBXBuildFile; fileRef = 3D97D2EE26077811007D1328 /* SpinerLayer.swift */; };
		3D97D2F526077811007D1328 /* TransitionButton.swift in Sources */ = {isa = PBXBuildFile; fileRef = 3D97D2EF26077811007D1328 /* TransitionButton.swift */; };
		3D97D2F626077811007D1328 /* FadeTransition.swift in Sources */ = {isa = PBXBuildFile; fileRef = 3D97D2F026077811007D1328 /* FadeTransition.swift */; };
		3D97D2F726077811007D1328 /* CGRectExtension.swift in Sources */ = {isa = PBXBuildFile; fileRef = 3D97D2F126077811007D1328 /* CGRectExtension.swift */; };
		3DAC3C8825FE38E20070F623 /* DriverDetailViewController.swift in Sources */ = {isa = PBXBuildFile; fileRef = 3DAC3C8625FE38E20070F623 /* DriverDetailViewController.swift */; };
		3DAC3C8E25FE452B0070F623 /* DriverDetailViewControllerTransitionAnimator.swift in Sources */ = {isa = PBXBuildFile; fileRef = 3DAC3C8D25FE452B0070F623 /* DriverDetailViewControllerTransitionAnimator.swift */; };
		3DE9A56D2603B0A5007D2090 /* diversity.json in Resources */ = {isa = PBXBuildFile; fileRef = 3DE9A5692603B0A5007D2090 /* diversity.json */; };
		3DE9A56E2603B0A5007D2090 /* f1_car.json in Resources */ = {isa = PBXBuildFile; fileRef = 3DE9A56A2603B0A5007D2090 /* f1_car.json */; };
		3DE9A56F2603B0A5007D2090 /* sustainability.json in Resources */ = {isa = PBXBuildFile; fileRef = 3DE9A56B2603B0A5007D2090 /* sustainability.json */; };
		3DE9A5702603B0A5007D2090 /* community.json in Resources */ = {isa = PBXBuildFile; fileRef = 3DE9A56C2603B0A5007D2090 /* community.json */; };
		3DE9A5822603B9A8007D2090 /* IntroScreenViewController.swift in Sources */ = {isa = PBXBuildFile; fileRef = 3DE9A5802603B9A8007D2090 /* IntroScreenViewController.swift */; };
		3DE9A5832603B9A8007D2090 /* IntroScreenViewController.xib in Resources */ = {isa = PBXBuildFile; fileRef = 3DE9A5812603B9A8007D2090 /* IntroScreenViewController.xib */; };
		3DE9A5892603C08D007D2090 /* DiversityIntroPageCollectionViewCell.swift in Sources */ = {isa = PBXBuildFile; fileRef = 3DE9A5872603C08D007D2090 /* DiversityIntroPageCollectionViewCell.swift */; };
		3DE9A58A2603C08D007D2090 /* DiversityIntroPageCollectionViewCell.xib in Resources */ = {isa = PBXBuildFile; fileRef = 3DE9A5882603C08D007D2090 /* DiversityIntroPageCollectionViewCell.xib */; };
		3DE9A5902603CA1E007D2090 /* LucidaGrande.ttf in Resources */ = {isa = PBXBuildFile; fileRef = 3DE9A58E2603CA1E007D2090 /* LucidaGrande.ttf */; };
		3DE9A5912603CA1E007D2090 /* LucidaGrandeBold.ttf in Resources */ = {isa = PBXBuildFile; fileRef = 3DE9A58F2603CA1E007D2090 /* LucidaGrandeBold.ttf */; };
		3DE9A59C2603D018007D2090 /* Formula1-Regular.ttf in Resources */ = {isa = PBXBuildFile; fileRef = 3DE9A5972603CC18007D2090 /* Formula1-Regular.ttf */; };
		3DE9A59D2603D018007D2090 /* Formula1-Black.ttf in Resources */ = {isa = PBXBuildFile; fileRef = 3DE9A5952603CC17007D2090 /* Formula1-Black.ttf */; };
		3DE9A59E2603D018007D2090 /* Formula1-Bold.ttf in Resources */ = {isa = PBXBuildFile; fileRef = 3DE9A5962603CC18007D2090 /* Formula1-Bold.ttf */; };
		3DE9A59F2603D018007D2090 /* Formula1-Wide.ttf in Resources */ = {isa = PBXBuildFile; fileRef = 3DE9A5982603CC18007D2090 /* Formula1-Wide.ttf */; };
		3DEB849726052C5E001B1BDE /* CommunityIntroPageCollectionViewCell.swift in Sources */ = {isa = PBXBuildFile; fileRef = 3DEB849526052C5E001B1BDE /* CommunityIntroPageCollectionViewCell.swift */; };
		3DEB849826052C5E001B1BDE /* CommunityIntroPageCollectionViewCell.xib in Resources */ = {isa = PBXBuildFile; fileRef = 3DEB849626052C5E001B1BDE /* CommunityIntroPageCollectionViewCell.xib */; };
		47671B7366A6CC96AF53FF78 /* Pods_DriveToSurvive.framework in Frameworks */ = {isa = PBXBuildFile; fileRef = FCBCB78F33229BA5AA97402A /* Pods_DriveToSurvive.framework */; };
		84300D711D34DAFDA8BA237C /* Pods_DriveToSurviveTests.framework in Frameworks */ = {isa = PBXBuildFile; fileRef = E82628DF48660CD1F1E5C742 /* Pods_DriveToSurviveTests.framework */; };
		A5F8757EF157DDEA2811559B /* Pods_DriveToSurvive_DriveToSurviveUITests.framework in Frameworks */ = {isa = PBXBuildFile; fileRef = 410A6D7B4F88E8A104BEF8CA /* Pods_DriveToSurvive_DriveToSurviveUITests.framework */; };
/* End PBXBuildFile section */

/* Begin PBXContainerItemProxy section */
		3D512E3525D4547400B21FF6 /* PBXContainerItemProxy */ = {
			isa = PBXContainerItemProxy;
			containerPortal = 3D512E1625D4547200B21FF6 /* Project object */;
			proxyType = 1;
			remoteGlobalIDString = 3D512E1D25D4547200B21FF6;
			remoteInfo = DriveToSurvive;
		};
		3D512E4025D4547400B21FF6 /* PBXContainerItemProxy */ = {
			isa = PBXContainerItemProxy;
			containerPortal = 3D512E1625D4547200B21FF6 /* Project object */;
			proxyType = 1;
			remoteGlobalIDString = 3D512E1D25D4547200B21FF6;
			remoteInfo = DriveToSurvive;
		};
/* End PBXContainerItemProxy section */

/* Begin PBXFileReference section */
		00C767CDC63A21B4BB98B462 /* Pods-DriveToSurvive.debug.xcconfig */ = {isa = PBXFileReference; includeInIndex = 1; lastKnownFileType = text.xcconfig; name = "Pods-DriveToSurvive.debug.xcconfig"; path = "Target Support Files/Pods-DriveToSurvive/Pods-DriveToSurvive.debug.xcconfig"; sourceTree = "<group>"; };
		02A78585B35526F4CFCCBE1F /* Pods-DriveToSurviveTests.release.xcconfig */ = {isa = PBXFileReference; includeInIndex = 1; lastKnownFileType = text.xcconfig; name = "Pods-DriveToSurviveTests.release.xcconfig"; path = "Target Support Files/Pods-DriveToSurviveTests/Pods-DriveToSurviveTests.release.xcconfig"; sourceTree = "<group>"; };
		3D18DCB0260B538E00865673 /* NewsDetailViewControllerTransitionAnimator.swift */ = {isa = PBXFileReference; fileEncoding = 4; lastKnownFileType = sourcecode.swift; path = NewsDetailViewControllerTransitionAnimator.swift; sourceTree = "<group>"; };
		3D2B897626051F3B006A0201 /* SustainabilityIntroPageCollectionViewCell.swift */ = {isa = PBXFileReference; lastKnownFileType = sourcecode.swift; path = SustainabilityIntroPageCollectionViewCell.swift; sourceTree = "<group>"; };
		3D2B897726051F3B006A0201 /* SustainabilityIntroPageCollectionViewCell.xib */ = {isa = PBXFileReference; lastKnownFileType = file.xib; path = SustainabilityIntroPageCollectionViewCell.xib; sourceTree = "<group>"; };
		3D30F7E925FD544D0036FFE2 /* DataStore.swift */ = {isa = PBXFileReference; lastKnownFileType = sourcecode.swift; path = DataStore.swift; sourceTree = "<group>"; };
		3D30F7F125FD5CD80036FFE2 /* DriverThumbnailCollectionViewCell.swift */ = {isa = PBXFileReference; lastKnownFileType = sourcecode.swift; path = DriverThumbnailCollectionViewCell.swift; sourceTree = "<group>"; };
		3D30F7F225FD5CD80036FFE2 /* DriverThumbnailCollectionViewCell.xib */ = {isa = PBXFileReference; lastKnownFileType = file.xib; path = DriverThumbnailCollectionViewCell.xib; sourceTree = "<group>"; };
		3D30F7FD25FD5EDF0036FFE2 /* OpenSans-Light.ttf */ = {isa = PBXFileReference; lastKnownFileType = file; path = "OpenSans-Light.ttf"; sourceTree = "<group>"; };
		3D30F7FE25FD5EDF0036FFE2 /* OpenSans-ExtraBold.ttf */ = {isa = PBXFileReference; lastKnownFileType = file; path = "OpenSans-ExtraBold.ttf"; sourceTree = "<group>"; };
		3D30F7FF25FD5EDF0036FFE2 /* OpenSans-BoldItalic.ttf */ = {isa = PBXFileReference; lastKnownFileType = file; path = "OpenSans-BoldItalic.ttf"; sourceTree = "<group>"; };
		3D30F80025FD5EDF0036FFE2 /* SFProText-Heavy.otf */ = {isa = PBXFileReference; lastKnownFileType = file; path = "SFProText-Heavy.otf"; sourceTree = "<group>"; };
		3D30F80125FD5EDF0036FFE2 /* SFProText-Regular.otf */ = {isa = PBXFileReference; lastKnownFileType = file; path = "SFProText-Regular.otf"; sourceTree = "<group>"; };
		3D30F80225FD5EDF0036FFE2 /* OpenSans-Italic.ttf */ = {isa = PBXFileReference; lastKnownFileType = file; path = "OpenSans-Italic.ttf"; sourceTree = "<group>"; };
		3D30F80325FD5EE00036FFE2 /* OpenSans-LightItalic.ttf */ = {isa = PBXFileReference; lastKnownFileType = file; path = "OpenSans-LightItalic.ttf"; sourceTree = "<group>"; };
		3D30F80425FD5EE00036FFE2 /* OpenSans-SemiBoldItalic.ttf */ = {isa = PBXFileReference; lastKnownFileType = file; path = "OpenSans-SemiBoldItalic.ttf"; sourceTree = "<group>"; };
		3D30F80525FD5EE00036FFE2 /* SFProText-Bold.otf */ = {isa = PBXFileReference; lastKnownFileType = file; path = "SFProText-Bold.otf"; sourceTree = "<group>"; };
		3D30F80625FD5EE00036FFE2 /* SFProText-Semibold.otf */ = {isa = PBXFileReference; lastKnownFileType = file; path = "SFProText-Semibold.otf"; sourceTree = "<group>"; };
		3D30F80725FD5EE00036FFE2 /* OpenSans-ExtraBoldItalic.ttf */ = {isa = PBXFileReference; lastKnownFileType = file; path = "OpenSans-ExtraBoldItalic.ttf"; sourceTree = "<group>"; };
		3D30F80825FD5EE00036FFE2 /* OpenSans-Regular.ttf */ = {isa = PBXFileReference; lastKnownFileType = file; path = "OpenSans-Regular.ttf"; sourceTree = "<group>"; };
		3D30F80925FD5EE00036FFE2 /* OpenSans-SemiBold.ttf */ = {isa = PBXFileReference; lastKnownFileType = file; path = "OpenSans-SemiBold.ttf"; sourceTree = "<group>"; };
		3D30F80A25FD5EE00036FFE2 /* OpenSans-Bold.ttf */ = {isa = PBXFileReference; lastKnownFileType = file; path = "OpenSans-Bold.ttf"; sourceTree = "<group>"; };
		3D46F81A25F6964B00C2A6A8 /* HomeViewController.swift */ = {isa = PBXFileReference; lastKnownFileType = sourcecode.swift; path = HomeViewController.swift; sourceTree = "<group>"; };
		3D46F81B25F6964B00C2A6A8 /* HomeViewController.xib */ = {isa = PBXFileReference; lastKnownFileType = file.xib; path = HomeViewController.xib; sourceTree = "<group>"; };
		3D47328D260F6E5300CB32D4 /* NewsDetailCollectionViewCell.swift */ = {isa = PBXFileReference; lastKnownFileType = sourcecode.swift; path = NewsDetailCollectionViewCell.swift; sourceTree = "<group>"; };
		3D47328E260F6E5300CB32D4 /* NewsDetailCollectionViewCell.xib */ = {isa = PBXFileReference; lastKnownFileType = file.xib; path = NewsDetailCollectionViewCell.xib; sourceTree = "<group>"; };
		3D49269A260CDFF50050EE2F /* AvenirNext-Medium.otf */ = {isa = PBXFileReference; lastKnownFileType = file; path = "AvenirNext-Medium.otf"; sourceTree = "<group>"; };
		3D512E1E25D4547200B21FF6 /* DriveToSurvive.app */ = {isa = PBXFileReference; explicitFileType = wrapper.application; includeInIndex = 0; path = DriveToSurvive.app; sourceTree = BUILT_PRODUCTS_DIR; };
		3D512E2125D4547200B21FF6 /* AppDelegate.swift */ = {isa = PBXFileReference; lastKnownFileType = sourcecode.swift; path = AppDelegate.swift; sourceTree = "<group>"; };
		3D512E2525D4547200B21FF6 /* ViewController.swift */ = {isa = PBXFileReference; lastKnownFileType = sourcecode.swift; path = ViewController.swift; sourceTree = "<group>"; };
		3D512E2A25D4547400B21FF6 /* Assets.xcassets */ = {isa = PBXFileReference; lastKnownFileType = folder.assetcatalog; path = Assets.xcassets; sourceTree = "<group>"; };
		3D512E2D25D4547400B21FF6 /* Base */ = {isa = PBXFileReference; lastKnownFileType = file.storyboard; name = Base; path = Base.lproj/LaunchScreen.storyboard; sourceTree = "<group>"; };
		3D512E2F25D4547400B21FF6 /* Info.plist */ = {isa = PBXFileReference; lastKnownFileType = text.plist.xml; path = Info.plist; sourceTree = "<group>"; };
		3D512E3425D4547400B21FF6 /* DriveToSurviveTests.xctest */ = {isa = PBXFileReference; explicitFileType = wrapper.cfbundle; includeInIndex = 0; path = DriveToSurviveTests.xctest; sourceTree = BUILT_PRODUCTS_DIR; };
		3D512E3825D4547400B21FF6 /* DriveToSurviveTests.swift */ = {isa = PBXFileReference; lastKnownFileType = sourcecode.swift; path = DriveToSurviveTests.swift; sourceTree = "<group>"; };
		3D512E3A25D4547400B21FF6 /* Info.plist */ = {isa = PBXFileReference; lastKnownFileType = text.plist.xml; path = Info.plist; sourceTree = "<group>"; };
		3D512E3F25D4547400B21FF6 /* DriveToSurviveUITests.xctest */ = {isa = PBXFileReference; explicitFileType = wrapper.cfbundle; includeInIndex = 0; path = DriveToSurviveUITests.xctest; sourceTree = BUILT_PRODUCTS_DIR; };
		3D512E4325D4547400B21FF6 /* DriveToSurviveUITests.swift */ = {isa = PBXFileReference; lastKnownFileType = sourcecode.swift; path = DriveToSurviveUITests.swift; sourceTree = "<group>"; };
		3D512E4525D4547400B21FF6 /* Info.plist */ = {isa = PBXFileReference; lastKnownFileType = text.plist.xml; path = Info.plist; sourceTree = "<group>"; };
		3D512E5625D45D8100B21FF6 /* SplashScreenViewController.swift */ = {isa = PBXFileReference; lastKnownFileType = sourcecode.swift; path = SplashScreenViewController.swift; sourceTree = "<group>"; };
		3D512E5725D45D8100B21FF6 /* SplashScreenViewController.xib */ = {isa = PBXFileReference; lastKnownFileType = file.xib; path = SplashScreenViewController.xib; sourceTree = "<group>"; };
		3D512EA025D8197700B21FF6 /* SplashScreenCarouselItem.swift */ = {isa = PBXFileReference; lastKnownFileType = sourcecode.swift; path = SplashScreenCarouselItem.swift; sourceTree = "<group>"; };
		3D6343FB260A64B8003EBACE /* settings.json */ = {isa = PBXFileReference; fileEncoding = 4; lastKnownFileType = text.json; path = settings.json; sourceTree = "<group>"; };
		3D6F40CE25F51B320090CA45 /* ParallaxCollectionViewLayoutAttributes.swift */ = {isa = PBXFileReference; lastKnownFileType = sourcecode.swift; path = ParallaxCollectionViewLayoutAttributes.swift; sourceTree = "<group>"; };
		3D6F40D325F51C170090CA45 /* ParallaxCollectionViewLayout.swift */ = {isa = PBXFileReference; lastKnownFileType = sourcecode.swift; path = ParallaxCollectionViewLayout.swift; sourceTree = "<group>"; };
		3D6F40D825F523960090CA45 /* ParallaxCollectionViewCell.swift */ = {isa = PBXFileReference; lastKnownFileType = sourcecode.swift; path = ParallaxCollectionViewCell.swift; sourceTree = "<group>"; };
		3D6F40DD25F52AE10090CA45 /* ParallaxCardView.swift */ = {isa = PBXFileReference; lastKnownFileType = sourcecode.swift; path = ParallaxCardView.swift; sourceTree = "<group>"; };
		3D782104260E5C80000B626F /* NewsDetailCollectionViewController.swift */ = {isa = PBXFileReference; lastKnownFileType = sourcecode.swift; path = NewsDetailCollectionViewController.swift; sourceTree = "<group>"; };
		3D782113260E6527000B626F /* NewsDetailHeaderView.swift */ = {isa = PBXFileReference; lastKnownFileType = sourcecode.swift; path = NewsDetailHeaderView.swift; sourceTree = "<group>"; };
		3D78211C260E6C9C000B626F /* NewsDetailCollectionViewFlowLayout.swift */ = {isa = PBXFileReference; lastKnownFileType = sourcecode.swift; path = NewsDetailCollectionViewFlowLayout.swift; sourceTree = "<group>"; };
		3D97D2C826062245007D1328 /* community2.json */ = {isa = PBXFileReference; fileEncoding = 4; lastKnownFileType = text.json; path = community2.json; sourceTree = "<group>"; };
		3D97D2CE26068020007D1328 /* UIExtensions.swift */ = {isa = PBXFileReference; lastKnownFileType = sourcecode.swift; path = UIExtensions.swift; sourceTree = "<group>"; };
		3D97D2ED26077811007D1328 /* CustomTransitionViewController.swift */ = {isa = PBXFileReference; fileEncoding = 4; lastKnownFileType = sourcecode.swift; path = CustomTransitionViewController.swift; sourceTree = "<group>"; };
		3D97D2EE26077811007D1328 /* SpinerLayer.swift */ = {isa = PBXFileReference; fileEncoding = 4; lastKnownFileType = sourcecode.swift; path = SpinerLayer.swift; sourceTree = "<group>"; };
		3D97D2EF26077811007D1328 /* TransitionButton.swift */ = {isa = PBXFileReference; fileEncoding = 4; lastKnownFileType = sourcecode.swift; path = TransitionButton.swift; sourceTree = "<group>"; };
		3D97D2F026077811007D1328 /* FadeTransition.swift */ = {isa = PBXFileReference; fileEncoding = 4; lastKnownFileType = sourcecode.swift; path = FadeTransition.swift; sourceTree = "<group>"; };
		3D97D2F126077811007D1328 /* CGRectExtension.swift */ = {isa = PBXFileReference; fileEncoding = 4; lastKnownFileType = sourcecode.swift; path = CGRectExtension.swift; sourceTree = "<group>"; };
		3DAC3C8625FE38E20070F623 /* DriverDetailViewController.swift */ = {isa = PBXFileReference; fileEncoding = 4; lastKnownFileType = sourcecode.swift; path = DriverDetailViewController.swift; sourceTree = "<group>"; };
		3DAC3C8D25FE452B0070F623 /* DriverDetailViewControllerTransitionAnimator.swift */ = {isa = PBXFileReference; lastKnownFileType = sourcecode.swift; path = DriverDetailViewControllerTransitionAnimator.swift; sourceTree = "<group>"; };
		3DE9A5692603B0A5007D2090 /* diversity.json */ = {isa = PBXFileReference; fileEncoding = 4; lastKnownFileType = text.json; path = diversity.json; sourceTree = "<group>"; };
		3DE9A56A2603B0A5007D2090 /* f1_car.json */ = {isa = PBXFileReference; fileEncoding = 4; lastKnownFileType = text.json; path = f1_car.json; sourceTree = "<group>"; };
		3DE9A56B2603B0A5007D2090 /* sustainability.json */ = {isa = PBXFileReference; fileEncoding = 4; lastKnownFileType = text.json; path = sustainability.json; sourceTree = "<group>"; };
		3DE9A56C2603B0A5007D2090 /* community.json */ = {isa = PBXFileReference; fileEncoding = 4; lastKnownFileType = text.json; path = community.json; sourceTree = "<group>"; };
		3DE9A5802603B9A8007D2090 /* IntroScreenViewController.swift */ = {isa = PBXFileReference; lastKnownFileType = sourcecode.swift; path = IntroScreenViewController.swift; sourceTree = "<group>"; };
		3DE9A5812603B9A8007D2090 /* IntroScreenViewController.xib */ = {isa = PBXFileReference; lastKnownFileType = file.xib; path = IntroScreenViewController.xib; sourceTree = "<group>"; };
		3DE9A5872603C08D007D2090 /* DiversityIntroPageCollectionViewCell.swift */ = {isa = PBXFileReference; lastKnownFileType = sourcecode.swift; path = DiversityIntroPageCollectionViewCell.swift; sourceTree = "<group>"; };
		3DE9A5882603C08D007D2090 /* DiversityIntroPageCollectionViewCell.xib */ = {isa = PBXFileReference; lastKnownFileType = file.xib; path = DiversityIntroPageCollectionViewCell.xib; sourceTree = "<group>"; };
		3DE9A58E2603CA1E007D2090 /* LucidaGrande.ttf */ = {isa = PBXFileReference; lastKnownFileType = file; path = LucidaGrande.ttf; sourceTree = "<group>"; };
		3DE9A58F2603CA1E007D2090 /* LucidaGrandeBold.ttf */ = {isa = PBXFileReference; lastKnownFileType = file; path = LucidaGrandeBold.ttf; sourceTree = "<group>"; };
		3DE9A5952603CC17007D2090 /* Formula1-Black.ttf */ = {isa = PBXFileReference; lastKnownFileType = file; path = "Formula1-Black.ttf"; sourceTree = "<group>"; };
		3DE9A5962603CC18007D2090 /* Formula1-Bold.ttf */ = {isa = PBXFileReference; lastKnownFileType = file; path = "Formula1-Bold.ttf"; sourceTree = "<group>"; };
		3DE9A5972603CC18007D2090 /* Formula1-Regular.ttf */ = {isa = PBXFileReference; lastKnownFileType = file; path = "Formula1-Regular.ttf"; sourceTree = "<group>"; };
		3DE9A5982603CC18007D2090 /* Formula1-Wide.ttf */ = {isa = PBXFileReference; lastKnownFileType = file; path = "Formula1-Wide.ttf"; sourceTree = "<group>"; };
		3DEB849526052C5E001B1BDE /* CommunityIntroPageCollectionViewCell.swift */ = {isa = PBXFileReference; lastKnownFileType = sourcecode.swift; path = CommunityIntroPageCollectionViewCell.swift; sourceTree = "<group>"; };
		3DEB849626052C5E001B1BDE /* CommunityIntroPageCollectionViewCell.xib */ = {isa = PBXFileReference; lastKnownFileType = file.xib; path = CommunityIntroPageCollectionViewCell.xib; sourceTree = "<group>"; };
		410A6D7B4F88E8A104BEF8CA /* Pods_DriveToSurvive_DriveToSurviveUITests.framework */ = {isa = PBXFileReference; explicitFileType = wrapper.framework; includeInIndex = 0; path = Pods_DriveToSurvive_DriveToSurviveUITests.framework; sourceTree = BUILT_PRODUCTS_DIR; };
		6B85F1221D16D95D66E7D74E /* Pods-DriveToSurvive.release.xcconfig */ = {isa = PBXFileReference; includeInIndex = 1; lastKnownFileType = text.xcconfig; name = "Pods-DriveToSurvive.release.xcconfig"; path = "Target Support Files/Pods-DriveToSurvive/Pods-DriveToSurvive.release.xcconfig"; sourceTree = "<group>"; };
		84EDDD9ECDDF49FD69B8506E /* Pods-DriveToSurviveTests.debug.xcconfig */ = {isa = PBXFileReference; includeInIndex = 1; lastKnownFileType = text.xcconfig; name = "Pods-DriveToSurviveTests.debug.xcconfig"; path = "Target Support Files/Pods-DriveToSurviveTests/Pods-DriveToSurviveTests.debug.xcconfig"; sourceTree = "<group>"; };
		85D4A685C8A989F601240DD4 /* Pods-DriveToSurvive-DriveToSurviveUITests.debug.xcconfig */ = {isa = PBXFileReference; includeInIndex = 1; lastKnownFileType = text.xcconfig; name = "Pods-DriveToSurvive-DriveToSurviveUITests.debug.xcconfig"; path = "Target Support Files/Pods-DriveToSurvive-DriveToSurviveUITests/Pods-DriveToSurvive-DriveToSurviveUITests.debug.xcconfig"; sourceTree = "<group>"; };
		E1A674A095F793DB283B9E0A /* Pods-DriveToSurvive-DriveToSurviveUITests.release.xcconfig */ = {isa = PBXFileReference; includeInIndex = 1; lastKnownFileType = text.xcconfig; name = "Pods-DriveToSurvive-DriveToSurviveUITests.release.xcconfig"; path = "Target Support Files/Pods-DriveToSurvive-DriveToSurviveUITests/Pods-DriveToSurvive-DriveToSurviveUITests.release.xcconfig"; sourceTree = "<group>"; };
		E82628DF48660CD1F1E5C742 /* Pods_DriveToSurviveTests.framework */ = {isa = PBXFileReference; explicitFileType = wrapper.framework; includeInIndex = 0; path = Pods_DriveToSurviveTests.framework; sourceTree = BUILT_PRODUCTS_DIR; };
		FCBCB78F33229BA5AA97402A /* Pods_DriveToSurvive.framework */ = {isa = PBXFileReference; explicitFileType = wrapper.framework; includeInIndex = 0; path = Pods_DriveToSurvive.framework; sourceTree = BUILT_PRODUCTS_DIR; };
/* End PBXFileReference section */

/* Begin PBXFrameworksBuildPhase section */
		3D512E1B25D4547200B21FF6 /* Frameworks */ = {
			isa = PBXFrameworksBuildPhase;
			buildActionMask = 2147483647;
			files = (
				47671B7366A6CC96AF53FF78 /* Pods_DriveToSurvive.framework in Frameworks */,
			);
			runOnlyForDeploymentPostprocessing = 0;
		};
		3D512E3125D4547400B21FF6 /* Frameworks */ = {
			isa = PBXFrameworksBuildPhase;
			buildActionMask = 2147483647;
			files = (
				84300D711D34DAFDA8BA237C /* Pods_DriveToSurviveTests.framework in Frameworks */,
			);
			runOnlyForDeploymentPostprocessing = 0;
		};
		3D512E3C25D4547400B21FF6 /* Frameworks */ = {
			isa = PBXFrameworksBuildPhase;
			buildActionMask = 2147483647;
			files = (
				A5F8757EF157DDEA2811559B /* Pods_DriveToSurvive_DriveToSurviveUITests.framework in Frameworks */,
			);
			runOnlyForDeploymentPostprocessing = 0;
		};
/* End PBXFrameworksBuildPhase section */

/* Begin PBXGroup section */
		27735E9384B908EE5A77F177 /* Pods */ = {
			isa = PBXGroup;
			children = (
				00C767CDC63A21B4BB98B462 /* Pods-DriveToSurvive.debug.xcconfig */,
				6B85F1221D16D95D66E7D74E /* Pods-DriveToSurvive.release.xcconfig */,
				85D4A685C8A989F601240DD4 /* Pods-DriveToSurvive-DriveToSurviveUITests.debug.xcconfig */,
				E1A674A095F793DB283B9E0A /* Pods-DriveToSurvive-DriveToSurviveUITests.release.xcconfig */,
				84EDDD9ECDDF49FD69B8506E /* Pods-DriveToSurviveTests.debug.xcconfig */,
				02A78585B35526F4CFCCBE1F /* Pods-DriveToSurviveTests.release.xcconfig */,
			);
			path = Pods;
			sourceTree = "<group>";
		};
		3D30F7EF25FD5C9E0036FFE2 /* Cells */ = {
			isa = PBXGroup;
			children = (
				3D30F7F025FD5CA30036FFE2 /* DriverThumbnailCollectionViewCell */,
			);
			path = Cells;
			sourceTree = "<group>";
		};
		3D30F7F025FD5CA30036FFE2 /* DriverThumbnailCollectionViewCell */ = {
			isa = PBXGroup;
			children = (
				3D30F7F125FD5CD80036FFE2 /* DriverThumbnailCollectionViewCell.swift */,
				3D30F7F225FD5CD80036FFE2 /* DriverThumbnailCollectionViewCell.xib */,
			);
			path = DriverThumbnailCollectionViewCell;
			sourceTree = "<group>";
		};
		3D30F7F825FD5E5B0036FFE2 /* Resources */ = {
			isa = PBXGroup;
			children = (
				3D97D2EB260777F4007D1328 /* CustomUI */,
				3DE9A5682603B094007D2090 /* LottieFiles */,
				3D30F7F925FD5E640036FFE2 /* Fonts */,
			);
			path = Resources;
			sourceTree = "<group>";
		};
		3D30F7F925FD5E640036FFE2 /* Fonts */ = {
			isa = PBXGroup;
			children = (
				3D49269A260CDFF50050EE2F /* AvenirNext-Medium.otf */,
				3DE9A5952603CC17007D2090 /* Formula1-Black.ttf */,
				3DE9A5962603CC18007D2090 /* Formula1-Bold.ttf */,
				3DE9A5972603CC18007D2090 /* Formula1-Regular.ttf */,
				3DE9A5982603CC18007D2090 /* Formula1-Wide.ttf */,
				3DE9A58E2603CA1E007D2090 /* LucidaGrande.ttf */,
				3DE9A58F2603CA1E007D2090 /* LucidaGrandeBold.ttf */,
				3D30F80A25FD5EE00036FFE2 /* OpenSans-Bold.ttf */,
				3D30F7FF25FD5EDF0036FFE2 /* OpenSans-BoldItalic.ttf */,
				3D30F7FE25FD5EDF0036FFE2 /* OpenSans-ExtraBold.ttf */,
				3D30F80725FD5EE00036FFE2 /* OpenSans-ExtraBoldItalic.ttf */,
				3D30F80225FD5EDF0036FFE2 /* OpenSans-Italic.ttf */,
				3D30F7FD25FD5EDF0036FFE2 /* OpenSans-Light.ttf */,
				3D30F80325FD5EE00036FFE2 /* OpenSans-LightItalic.ttf */,
				3D30F80825FD5EE00036FFE2 /* OpenSans-Regular.ttf */,
				3D30F80925FD5EE00036FFE2 /* OpenSans-SemiBold.ttf */,
				3D30F80425FD5EE00036FFE2 /* OpenSans-SemiBoldItalic.ttf */,
				3D30F80525FD5EE00036FFE2 /* SFProText-Bold.otf */,
				3D30F80025FD5EDF0036FFE2 /* SFProText-Heavy.otf */,
				3D30F80125FD5EDF0036FFE2 /* SFProText-Regular.otf */,
				3D30F80625FD5EE00036FFE2 /* SFProText-Semibold.otf */,
			);
			path = Fonts;
			sourceTree = "<group>";
		};
		3D46F81925F6961D00C2A6A8 /* Home */ = {
			isa = PBXGroup;
			children = (
				3D30F7EF25FD5C9E0036FFE2 /* Cells */,
				3D46F81A25F6964B00C2A6A8 /* HomeViewController.swift */,
				3D46F81B25F6964B00C2A6A8 /* HomeViewController.xib */,
			);
			path = Home;
			sourceTree = "<group>";
		};
		3D512E1525D4547200B21FF6 = {
			isa = PBXGroup;
			children = (
				3D512E2025D4547200B21FF6 /* DriveToSurvive */,
				3D512E3725D4547400B21FF6 /* DriveToSurviveTests */,
				3D512E4225D4547400B21FF6 /* DriveToSurviveUITests */,
				3D512E1F25D4547200B21FF6 /* Products */,
				27735E9384B908EE5A77F177 /* Pods */,
				B43C1E819A2C12E2126C221A /* Frameworks */,
			);
			sourceTree = "<group>";
		};
		3D512E1F25D4547200B21FF6 /* Products */ = {
			isa = PBXGroup;
			children = (
				3D512E1E25D4547200B21FF6 /* DriveToSurvive.app */,
				3D512E3425D4547400B21FF6 /* DriveToSurviveTests.xctest */,
				3D512E3F25D4547400B21FF6 /* DriveToSurviveUITests.xctest */,
			);
			name = Products;
			sourceTree = "<group>";
		};
		3D512E2025D4547200B21FF6 /* DriveToSurvive */ = {
			isa = PBXGroup;
			children = (
				3D68C9E92608B3B00080C800 /* App */,
				3D97D2CD2606800D007D1328 /* Util */,
				3D30F7F825FD5E5B0036FFE2 /* Resources */,
				3D512E5425D458D900B21FF6 /* Models */,
				3D512E2125D4547200B21FF6 /* AppDelegate.swift */,
				3D512E2525D4547200B21FF6 /* ViewController.swift */,
				3D512E2A25D4547400B21FF6 /* Assets.xcassets */,
				3D512E2C25D4547400B21FF6 /* LaunchScreen.storyboard */,
				3D512E2F25D4547400B21FF6 /* Info.plist */,
			);
			path = DriveToSurvive;
			sourceTree = "<group>";
		};
		3D512E3725D4547400B21FF6 /* DriveToSurviveTests */ = {
			isa = PBXGroup;
			children = (
				3D512E3825D4547400B21FF6 /* DriveToSurviveTests.swift */,
				3D512E3A25D4547400B21FF6 /* Info.plist */,
			);
			path = DriveToSurviveTests;
			sourceTree = "<group>";
		};
		3D512E4225D4547400B21FF6 /* DriveToSurviveUITests */ = {
			isa = PBXGroup;
			children = (
				3D512E4325D4547400B21FF6 /* DriveToSurviveUITests.swift */,
				3D512E4525D4547400B21FF6 /* Info.plist */,
			);
			path = DriveToSurviveUITests;
			sourceTree = "<group>";
		};
		3D512E5425D458D900B21FF6 /* Models */ = {
			isa = PBXGroup;
			children = (
				3D512EA025D8197700B21FF6 /* SplashScreenCarouselItem.swift */,
				3D30F7E925FD544D0036FFE2 /* DataStore.swift */,
			);
			path = Models;
			sourceTree = "<group>";
		};
		3D512EA525D81A2300B21FF6 /* SplashScreen */ = {
			isa = PBXGroup;
			children = (
				3D512E5625D45D8100B21FF6 /* SplashScreenViewController.swift */,
				3D512E5725D45D8100B21FF6 /* SplashScreenViewController.xib */,
			);
			path = SplashScreen;
			sourceTree = "<group>";
		};
		3D512EA625D81CEE00B21FF6 /* CustomUI */ = {
			isa = PBXGroup;
			children = (
				3D6F40CC25F51B0C0090CA45 /* CollectionView */,
			);
			path = CustomUI;
			sourceTree = "<group>";
		};
		3D68C9E92608B3B00080C800 /* App */ = {
			isa = PBXGroup;
			children = (
				3D512EA625D81CEE00B21FF6 /* CustomUI */,
				3D68C9EA2608B3B60080C800 /* Features */,
			);
			path = App;
			sourceTree = "<group>";
		};
		3D68C9EA2608B3B60080C800 /* Features */ = {
			isa = PBXGroup;
			children = (
				3D512EA525D81A2300B21FF6 /* SplashScreen */,
				3DE9A57E2603B7E7007D2090 /* IntroScreen */,
				3D46F81925F6961D00C2A6A8 /* Home */,
				3DAC3C8525FE38E20070F623 /* DriverDetailView */,
				3DC42CDE25F7D34800E0E22F /* NewsDetailView */,
			);
			path = Features;
			sourceTree = "<group>";
		};
		3D6F40CC25F51B0C0090CA45 /* CollectionView */ = {
			isa = PBXGroup;
			children = (
				3D6F40CD25F51B170090CA45 /* ParallaxCollectionView */,
			);
			path = CollectionView;
			sourceTree = "<group>";
		};
		3D6F40CD25F51B170090CA45 /* ParallaxCollectionView */ = {
			isa = PBXGroup;
			children = (
				3D6F40CE25F51B320090CA45 /* ParallaxCollectionViewLayoutAttributes.swift */,
				3D6F40D325F51C170090CA45 /* ParallaxCollectionViewLayout.swift */,
				3D6F40D825F523960090CA45 /* ParallaxCollectionViewCell.swift */,
				3D6F40DD25F52AE10090CA45 /* ParallaxCardView.swift */,
			);
			path = ParallaxCollectionView;
			sourceTree = "<group>";
		};
		3D782109260E5CE1000B626F /* Cells */ = {
			isa = PBXGroup;
			children = (
				3D47328D260F6E5300CB32D4 /* NewsDetailCollectionViewCell.swift */,
				3D47328E260F6E5300CB32D4 /* NewsDetailCollectionViewCell.xib */,
			);
			path = Cells;
			sourceTree = "<group>";
		};
		3D78211B260E6C6E000B626F /* StretchyHeaderView */ = {
			isa = PBXGroup;
			children = (
				3D782113260E6527000B626F /* NewsDetailHeaderView.swift */,
				3D78211C260E6C9C000B626F /* NewsDetailCollectionViewFlowLayout.swift */,
			);
			path = StretchyHeaderView;
			sourceTree = "<group>";
		};
		3D97D2CD2606800D007D1328 /* Util */ = {
			isa = PBXGroup;
			children = (
				3D97D2CE26068020007D1328 /* UIExtensions.swift */,
			);
			path = Util;
			sourceTree = "<group>";
		};
		3D97D2EB260777F4007D1328 /* CustomUI */ = {
			isa = PBXGroup;
			children = (
				3D97D2EC26077811007D1328 /* TransitionButton */,
			);
			path = CustomUI;
			sourceTree = "<group>";
		};
		3D97D2EC26077811007D1328 /* TransitionButton */ = {
			isa = PBXGroup;
			children = (
				3D97D2ED26077811007D1328 /* CustomTransitionViewController.swift */,
				3D97D2EE26077811007D1328 /* SpinerLayer.swift */,
				3D97D2EF26077811007D1328 /* TransitionButton.swift */,
				3D97D2F026077811007D1328 /* FadeTransition.swift */,
				3D97D2F126077811007D1328 /* CGRectExtension.swift */,
			);
			path = TransitionButton;
			sourceTree = "<group>";
		};
		3DAC3C8525FE38E20070F623 /* DriverDetailView */ = {
			isa = PBXGroup;
			children = (
				3DAC3C8625FE38E20070F623 /* DriverDetailViewController.swift */,
				3DAC3C8D25FE452B0070F623 /* DriverDetailViewControllerTransitionAnimator.swift */,
			);
			path = DriverDetailView;
			sourceTree = "<group>";
		};
		3DC42CDE25F7D34800E0E22F /* NewsDetailView */ = {
			isa = PBXGroup;
			children = (
				3D78211B260E6C6E000B626F /* StretchyHeaderView */,
				3D782109260E5CE1000B626F /* Cells */,
				3D18DCB0260B538E00865673 /* NewsDetailViewControllerTransitionAnimator.swift */,
				3D782104260E5C80000B626F /* NewsDetailCollectionViewController.swift */,
			);
			path = NewsDetailView;
			sourceTree = "<group>";
		};
		3DE9A5682603B094007D2090 /* LottieFiles */ = {
			isa = PBXGroup;
			children = (
				3D6343FB260A64B8003EBACE /* settings.json */,
				3D97D2C826062245007D1328 /* community2.json */,
				3DE9A56C2603B0A5007D2090 /* community.json */,
				3DE9A5692603B0A5007D2090 /* diversity.json */,
				3DE9A56A2603B0A5007D2090 /* f1_car.json */,
				3DE9A56B2603B0A5007D2090 /* sustainability.json */,
			);
			path = LottieFiles;
			sourceTree = "<group>";
		};
		3DE9A57E2603B7E7007D2090 /* IntroScreen */ = {
			isa = PBXGroup;
			children = (
				3DE9A57F2603B994007D2090 /* Cells */,
				3DE9A5802603B9A8007D2090 /* IntroScreenViewController.swift */,
				3DE9A5812603B9A8007D2090 /* IntroScreenViewController.xib */,
			);
			path = IntroScreen;
			sourceTree = "<group>";
		};
		3DE9A57F2603B994007D2090 /* Cells */ = {
			isa = PBXGroup;
			children = (
				3DE9A5872603C08D007D2090 /* DiversityIntroPageCollectionViewCell.swift */,
				3DE9A5882603C08D007D2090 /* DiversityIntroPageCollectionViewCell.xib */,
				3D2B897626051F3B006A0201 /* SustainabilityIntroPageCollectionViewCell.swift */,
				3D2B897726051F3B006A0201 /* SustainabilityIntroPageCollectionViewCell.xib */,
				3DEB849526052C5E001B1BDE /* CommunityIntroPageCollectionViewCell.swift */,
				3DEB849626052C5E001B1BDE /* CommunityIntroPageCollectionViewCell.xib */,
			);
			path = Cells;
			sourceTree = "<group>";
		};
		B43C1E819A2C12E2126C221A /* Frameworks */ = {
			isa = PBXGroup;
			children = (
				FCBCB78F33229BA5AA97402A /* Pods_DriveToSurvive.framework */,
				410A6D7B4F88E8A104BEF8CA /* Pods_DriveToSurvive_DriveToSurviveUITests.framework */,
				E82628DF48660CD1F1E5C742 /* Pods_DriveToSurviveTests.framework */,
			);
			name = Frameworks;
			sourceTree = "<group>";
		};
/* End PBXGroup section */

/* Begin PBXNativeTarget section */
		3D512E1D25D4547200B21FF6 /* DriveToSurvive */ = {
			isa = PBXNativeTarget;
			buildConfigurationList = 3D512E4825D4547400B21FF6 /* Build configuration list for PBXNativeTarget "DriveToSurvive" */;
			buildPhases = (
				A2543A3C50F44FFB5A3DEBDA /* [CP] Check Pods Manifest.lock */,
				3D512E1A25D4547200B21FF6 /* Sources */,
				3D512E1B25D4547200B21FF6 /* Frameworks */,
				3D512E1C25D4547200B21FF6 /* Resources */,
				FF6F15EE302CB910C2D24904 /* [CP] Embed Pods Frameworks */,
			);
			buildRules = (
			);
			dependencies = (
			);
			name = DriveToSurvive;
			productName = DriveToSurvive;
			productReference = 3D512E1E25D4547200B21FF6 /* DriveToSurvive.app */;
			productType = "com.apple.product-type.application";
		};
		3D512E3325D4547400B21FF6 /* DriveToSurviveTests */ = {
			isa = PBXNativeTarget;
			buildConfigurationList = 3D512E4B25D4547400B21FF6 /* Build configuration list for PBXNativeTarget "DriveToSurviveTests" */;
			buildPhases = (
				12ED23CF0566D0C049963AE7 /* [CP] Check Pods Manifest.lock */,
				3D512E3025D4547400B21FF6 /* Sources */,
				3D512E3125D4547400B21FF6 /* Frameworks */,
				3D512E3225D4547400B21FF6 /* Resources */,
			);
			buildRules = (
			);
			dependencies = (
				3D512E3625D4547400B21FF6 /* PBXTargetDependency */,
			);
			name = DriveToSurviveTests;
			productName = DriveToSurviveTests;
			productReference = 3D512E3425D4547400B21FF6 /* DriveToSurviveTests.xctest */;
			productType = "com.apple.product-type.bundle.unit-test";
		};
		3D512E3E25D4547400B21FF6 /* DriveToSurviveUITests */ = {
			isa = PBXNativeTarget;
			buildConfigurationList = 3D512E4E25D4547400B21FF6 /* Build configuration list for PBXNativeTarget "DriveToSurviveUITests" */;
			buildPhases = (
				97803F1C8334E35C4BD05F7A /* [CP] Check Pods Manifest.lock */,
				3D512E3B25D4547400B21FF6 /* Sources */,
				3D512E3C25D4547400B21FF6 /* Frameworks */,
				3D512E3D25D4547400B21FF6 /* Resources */,
				087A6D05CE0A3660C03C031A /* [CP] Embed Pods Frameworks */,
			);
			buildRules = (
			);
			dependencies = (
				3D512E4125D4547400B21FF6 /* PBXTargetDependency */,
			);
			name = DriveToSurviveUITests;
			productName = DriveToSurviveUITests;
			productReference = 3D512E3F25D4547400B21FF6 /* DriveToSurviveUITests.xctest */;
			productType = "com.apple.product-type.bundle.ui-testing";
		};
/* End PBXNativeTarget section */

/* Begin PBXProject section */
		3D512E1625D4547200B21FF6 /* Project object */ = {
			isa = PBXProject;
			attributes = {
				LastSwiftUpdateCheck = 1230;
				LastUpgradeCheck = 1230;
				TargetAttributes = {
					3D512E1D25D4547200B21FF6 = {
						CreatedOnToolsVersion = 12.3;
					};
					3D512E3325D4547400B21FF6 = {
						CreatedOnToolsVersion = 12.3;
						TestTargetID = 3D512E1D25D4547200B21FF6;
					};
					3D512E3E25D4547400B21FF6 = {
						CreatedOnToolsVersion = 12.3;
						TestTargetID = 3D512E1D25D4547200B21FF6;
					};
				};
			};
			buildConfigurationList = 3D512E1925D4547200B21FF6 /* Build configuration list for PBXProject "DriveToSurvive" */;
			compatibilityVersion = "Xcode 9.3";
			developmentRegion = en;
			hasScannedForEncodings = 0;
			knownRegions = (
				en,
				Base,
			);
			mainGroup = 3D512E1525D4547200B21FF6;
			productRefGroup = 3D512E1F25D4547200B21FF6 /* Products */;
			projectDirPath = "";
			projectRoot = "";
			targets = (
				3D512E1D25D4547200B21FF6 /* DriveToSurvive */,
				3D512E3325D4547400B21FF6 /* DriveToSurviveTests */,
				3D512E3E25D4547400B21FF6 /* DriveToSurviveUITests */,
			);
		};
/* End PBXProject section */

/* Begin PBXResourcesBuildPhase section */
		3D512E1C25D4547200B21FF6 /* Resources */ = {
			isa = PBXResourcesBuildPhase;
			buildActionMask = 2147483647;
			files = (
				3D512E2E25D4547400B21FF6 /* LaunchScreen.storyboard in Resources */,
				3DE9A5832603B9A8007D2090 /* IntroScreenViewController.xib in Resources */,
				3D30F81525FD5EE00036FFE2 /* OpenSans-ExtraBoldItalic.ttf in Resources */,
				3D2B897926051F3B006A0201 /* SustainabilityIntroPageCollectionViewCell.xib in Resources */,
				3D30F7F425FD5CD80036FFE2 /* DriverThumbnailCollectionViewCell.xib in Resources */,
				3D30F80B25FD5EE00036FFE2 /* OpenSans-Light.ttf in Resources */,
				3DE9A5702603B0A5007D2090 /* community.json in Resources */,
				3DE9A56F2603B0A5007D2090 /* sustainability.json in Resources */,
				3DE9A5912603CA1E007D2090 /* LucidaGrandeBold.ttf in Resources */,
				3D30F80C25FD5EE00036FFE2 /* OpenSans-ExtraBold.ttf in Resources */,
				3D512E5925D45D8100B21FF6 /* SplashScreenViewController.xib in Resources */,
				3DEB849826052C5E001B1BDE /* CommunityIntroPageCollectionViewCell.xib in Resources */,
				3D46F81D25F6964B00C2A6A8 /* HomeViewController.xib in Resources */,
				3D30F80D25FD5EE00036FFE2 /* OpenSans-BoldItalic.ttf in Resources */,
				3D30F81425FD5EE00036FFE2 /* SFProText-Semibold.otf in Resources */,
				3D30F80F25FD5EE00036FFE2 /* SFProText-Regular.otf in Resources */,
				3D30F81025FD5EE00036FFE2 /* OpenSans-Italic.ttf in Resources */,
				3D473290260F6E5300CB32D4 /* NewsDetailCollectionViewCell.xib in Resources */,
				3DE9A59D2603D018007D2090 /* Formula1-Black.ttf in Resources */,
				3DE9A56E2603B0A5007D2090 /* f1_car.json in Resources */,
				3D512E2B25D4547400B21FF6 /* Assets.xcassets in Resources */,
				3D30F81125FD5EE00036FFE2 /* OpenSans-LightItalic.ttf in Resources */,
				3DE9A56D2603B0A5007D2090 /* diversity.json in Resources */,
				3D97D2C926062245007D1328 /* community2.json in Resources */,
				3D30F81325FD5EE00036FFE2 /* SFProText-Bold.otf in Resources */,
				3D30F81225FD5EE00036FFE2 /* OpenSans-SemiBoldItalic.ttf in Resources */,
				3DE9A59E2603D018007D2090 /* Formula1-Bold.ttf in Resources */,
				3D49269B260CDFF50050EE2F /* AvenirNext-Medium.otf in Resources */,
				3D30F81725FD5EE00036FFE2 /* OpenSans-SemiBold.ttf in Resources */,
				3DE9A59C2603D018007D2090 /* Formula1-Regular.ttf in Resources */,
				3D6343FC260A64B8003EBACE /* settings.json in Resources */,
				3DE9A58A2603C08D007D2090 /* DiversityIntroPageCollectionViewCell.xib in Resources */,
				3D30F81625FD5EE00036FFE2 /* OpenSans-Regular.ttf in Resources */,
				3DE9A5902603CA1E007D2090 /* LucidaGrande.ttf in Resources */,
				3D30F81825FD5EE00036FFE2 /* OpenSans-Bold.ttf in Resources */,
				3D30F80E25FD5EE00036FFE2 /* SFProText-Heavy.otf in Resources */,
				3DE9A59F2603D018007D2090 /* Formula1-Wide.ttf in Resources */,
			);
			runOnlyForDeploymentPostprocessing = 0;
		};
		3D512E3225D4547400B21FF6 /* Resources */ = {
			isa = PBXResourcesBuildPhase;
			buildActionMask = 2147483647;
			files = (
			);
			runOnlyForDeploymentPostprocessing = 0;
		};
		3D512E3D25D4547400B21FF6 /* Resources */ = {
			isa = PBXResourcesBuildPhase;
			buildActionMask = 2147483647;
			files = (
			);
			runOnlyForDeploymentPostprocessing = 0;
		};
/* End PBXResourcesBuildPhase section */

/* Begin PBXShellScriptBuildPhase section */
		087A6D05CE0A3660C03C031A /* [CP] Embed Pods Frameworks */ = {
			isa = PBXShellScriptBuildPhase;
			buildActionMask = 2147483647;
			files = (
			);
			inputFileListPaths = (
				"${PODS_ROOT}/Target Support Files/Pods-DriveToSurvive-DriveToSurviveUITests/Pods-DriveToSurvive-DriveToSurviveUITests-frameworks-${CONFIGURATION}-input-files.xcfilelist",
			);
			name = "[CP] Embed Pods Frameworks";
			outputFileListPaths = (
				"${PODS_ROOT}/Target Support Files/Pods-DriveToSurvive-DriveToSurviveUITests/Pods-DriveToSurvive-DriveToSurviveUITests-frameworks-${CONFIGURATION}-output-files.xcfilelist",
			);
			runOnlyForDeploymentPostprocessing = 0;
			shellPath = /bin/sh;
			shellScript = "\"${PODS_ROOT}/Target Support Files/Pods-DriveToSurvive-DriveToSurviveUITests/Pods-DriveToSurvive-DriveToSurviveUITests-frameworks.sh\"\n";
			showEnvVarsInLog = 0;
		};
		12ED23CF0566D0C049963AE7 /* [CP] Check Pods Manifest.lock */ = {
			isa = PBXShellScriptBuildPhase;
			buildActionMask = 2147483647;
			files = (
			);
			inputFileListPaths = (
			);
			inputPaths = (
				"${PODS_PODFILE_DIR_PATH}/Podfile.lock",
				"${PODS_ROOT}/Manifest.lock",
			);
			name = "[CP] Check Pods Manifest.lock";
			outputFileListPaths = (
			);
			outputPaths = (
				"$(DERIVED_FILE_DIR)/Pods-DriveToSurviveTests-checkManifestLockResult.txt",
			);
			runOnlyForDeploymentPostprocessing = 0;
			shellPath = /bin/sh;
			shellScript = "diff \"${PODS_PODFILE_DIR_PATH}/Podfile.lock\" \"${PODS_ROOT}/Manifest.lock\" > /dev/null\nif [ $? != 0 ] ; then\n    # print error to STDERR\n    echo \"error: The sandbox is not in sync with the Podfile.lock. Run 'pod install' or update your CocoaPods installation.\" >&2\n    exit 1\nfi\n# This output is used by Xcode 'outputs' to avoid re-running this script phase.\necho \"SUCCESS\" > \"${SCRIPT_OUTPUT_FILE_0}\"\n";
			showEnvVarsInLog = 0;
		};
		97803F1C8334E35C4BD05F7A /* [CP] Check Pods Manifest.lock */ = {
			isa = PBXShellScriptBuildPhase;
			buildActionMask = 2147483647;
			files = (
			);
			inputFileListPaths = (
			);
			inputPaths = (
				"${PODS_PODFILE_DIR_PATH}/Podfile.lock",
				"${PODS_ROOT}/Manifest.lock",
			);
			name = "[CP] Check Pods Manifest.lock";
			outputFileListPaths = (
			);
			outputPaths = (
				"$(DERIVED_FILE_DIR)/Pods-DriveToSurvive-DriveToSurviveUITests-checkManifestLockResult.txt",
			);
			runOnlyForDeploymentPostprocessing = 0;
			shellPath = /bin/sh;
			shellScript = "diff \"${PODS_PODFILE_DIR_PATH}/Podfile.lock\" \"${PODS_ROOT}/Manifest.lock\" > /dev/null\nif [ $? != 0 ] ; then\n    # print error to STDERR\n    echo \"error: The sandbox is not in sync with the Podfile.lock. Run 'pod install' or update your CocoaPods installation.\" >&2\n    exit 1\nfi\n# This output is used by Xcode 'outputs' to avoid re-running this script phase.\necho \"SUCCESS\" > \"${SCRIPT_OUTPUT_FILE_0}\"\n";
			showEnvVarsInLog = 0;
		};
		A2543A3C50F44FFB5A3DEBDA /* [CP] Check Pods Manifest.lock */ = {
			isa = PBXShellScriptBuildPhase;
			buildActionMask = 2147483647;
			files = (
			);
			inputFileListPaths = (
			);
			inputPaths = (
				"${PODS_PODFILE_DIR_PATH}/Podfile.lock",
				"${PODS_ROOT}/Manifest.lock",
			);
			name = "[CP] Check Pods Manifest.lock";
			outputFileListPaths = (
			);
			outputPaths = (
				"$(DERIVED_FILE_DIR)/Pods-DriveToSurvive-checkManifestLockResult.txt",
			);
			runOnlyForDeploymentPostprocessing = 0;
			shellPath = /bin/sh;
			shellScript = "diff \"${PODS_PODFILE_DIR_PATH}/Podfile.lock\" \"${PODS_ROOT}/Manifest.lock\" > /dev/null\nif [ $? != 0 ] ; then\n    # print error to STDERR\n    echo \"error: The sandbox is not in sync with the Podfile.lock. Run 'pod install' or update your CocoaPods installation.\" >&2\n    exit 1\nfi\n# This output is used by Xcode 'outputs' to avoid re-running this script phase.\necho \"SUCCESS\" > \"${SCRIPT_OUTPUT_FILE_0}\"\n";
			showEnvVarsInLog = 0;
		};
		FF6F15EE302CB910C2D24904 /* [CP] Embed Pods Frameworks */ = {
			isa = PBXShellScriptBuildPhase;
			buildActionMask = 2147483647;
			files = (
			);
			inputFileListPaths = (
				"${PODS_ROOT}/Target Support Files/Pods-DriveToSurvive/Pods-DriveToSurvive-frameworks-${CONFIGURATION}-input-files.xcfilelist",
			);
			name = "[CP] Embed Pods Frameworks";
			outputFileListPaths = (
				"${PODS_ROOT}/Target Support Files/Pods-DriveToSurvive/Pods-DriveToSurvive-frameworks-${CONFIGURATION}-output-files.xcfilelist",
			);
			runOnlyForDeploymentPostprocessing = 0;
			shellPath = /bin/sh;
			shellScript = "\"${PODS_ROOT}/Target Support Files/Pods-DriveToSurvive/Pods-DriveToSurvive-frameworks.sh\"\n";
			showEnvVarsInLog = 0;
		};
/* End PBXShellScriptBuildPhase section */

/* Begin PBXSourcesBuildPhase section */
		3D512E1A25D4547200B21FF6 /* Sources */ = {
			isa = PBXSourcesBuildPhase;
			buildActionMask = 2147483647;
			files = (
				3DE9A5892603C08D007D2090 /* DiversityIntroPageCollectionViewCell.swift in Sources */,
				3D512E2625D4547200B21FF6 /* ViewController.swift in Sources */,
				3D30F7F325FD5CD80036FFE2 /* DriverThumbnailCollectionViewCell.swift in Sources */,
				3DE9A5822603B9A8007D2090 /* IntroScreenViewController.swift in Sources */,
				3DAC3C8E25FE452B0070F623 /* DriverDetailViewControllerTransitionAnimator.swift in Sources */,
				3D30F7EA25FD544D0036FFE2 /* DataStore.swift in Sources */,
				3D78211D260E6C9C000B626F /* NewsDetailCollectionViewFlowLayout.swift in Sources */,
				3D6F40DE25F52AE10090CA45 /* ParallaxCardView.swift in Sources */,
				3DEB849726052C5E001B1BDE /* CommunityIntroPageCollectionViewCell.swift in Sources */,
				3D97D2F626077811007D1328 /* FadeTransition.swift in Sources */,
				3D512EA125D8197800B21FF6 /* SplashScreenCarouselItem.swift in Sources */,
				3D6F40CF25F51B320090CA45 /* ParallaxCollectionViewLayoutAttributes.swift in Sources */,
				3D97D2F526077811007D1328 /* TransitionButton.swift in Sources */,
				3D97D2F326077811007D1328 /* CustomTransitionViewController.swift in Sources */,
				3D97D2F426077811007D1328 /* SpinerLayer.swift in Sources */,
				3D97D2F726077811007D1328 /* CGRectExtension.swift in Sources */,
				3D47328F260F6E5300CB32D4 /* NewsDetailCollectionViewCell.swift in Sources */,
				3D97D2CF26068020007D1328 /* UIExtensions.swift in Sources */,
				3DAC3C8825FE38E20070F623 /* DriverDetailViewController.swift in Sources */,
				3D18DCB1260B538E00865673 /* NewsDetailViewControllerTransitionAnimator.swift in Sources */,
				3D512E2225D4547200B21FF6 /* AppDelegate.swift in Sources */,
				3D6F40D925F523960090CA45 /* ParallaxCollectionViewCell.swift in Sources */,
				3D782105260E5C80000B626F /* NewsDetailCollectionViewController.swift in Sources */,
				3D2B897826051F3B006A0201 /* SustainabilityIntroPageCollectionViewCell.swift in Sources */,
				3D512E5825D45D8100B21FF6 /* SplashScreenViewController.swift in Sources */,
				3D782114260E6527000B626F /* NewsDetailHeaderView.swift in Sources */,
				3D46F81C25F6964B00C2A6A8 /* HomeViewController.swift in Sources */,
				3D6F40D425F51C170090CA45 /* ParallaxCollectionViewLayout.swift in Sources */,
			);
			runOnlyForDeploymentPostprocessing = 0;
		};
		3D512E3025D4547400B21FF6 /* Sources */ = {
			isa = PBXSourcesBuildPhase;
			buildActionMask = 2147483647;
			files = (
				3D512E3925D4547400B21FF6 /* DriveToSurviveTests.swift in Sources */,
			);
			runOnlyForDeploymentPostprocessing = 0;
		};
		3D512E3B25D4547400B21FF6 /* Sources */ = {
			isa = PBXSourcesBuildPhase;
			buildActionMask = 2147483647;
			files = (
				3D512E4425D4547400B21FF6 /* DriveToSurviveUITests.swift in Sources */,
			);
			runOnlyForDeploymentPostprocessing = 0;
		};
/* End PBXSourcesBuildPhase section */

/* Begin PBXTargetDependency section */
		3D512E3625D4547400B21FF6 /* PBXTargetDependency */ = {
			isa = PBXTargetDependency;
			target = 3D512E1D25D4547200B21FF6 /* DriveToSurvive */;
			targetProxy = 3D512E3525D4547400B21FF6 /* PBXContainerItemProxy */;
		};
		3D512E4125D4547400B21FF6 /* PBXTargetDependency */ = {
			isa = PBXTargetDependency;
			target = 3D512E1D25D4547200B21FF6 /* DriveToSurvive */;
			targetProxy = 3D512E4025D4547400B21FF6 /* PBXContainerItemProxy */;
		};
/* End PBXTargetDependency section */

/* Begin PBXVariantGroup section */
		3D512E2C25D4547400B21FF6 /* LaunchScreen.storyboard */ = {
			isa = PBXVariantGroup;
			children = (
				3D512E2D25D4547400B21FF6 /* Base */,
			);
			name = LaunchScreen.storyboard;
			sourceTree = "<group>";
		};
/* End PBXVariantGroup section */

/* Begin XCBuildConfiguration section */
		3D512E4625D4547400B21FF6 /* Debug */ = {
			isa = XCBuildConfiguration;
			buildSettings = {
				ALWAYS_SEARCH_USER_PATHS = NO;
				CLANG_ANALYZER_NONNULL = YES;
				CLANG_ANALYZER_NUMBER_OBJECT_CONVERSION = YES_AGGRESSIVE;
				CLANG_CXX_LANGUAGE_STANDARD = "gnu++14";
				CLANG_CXX_LIBRARY = "libc++";
				CLANG_ENABLE_MODULES = YES;
				CLANG_ENABLE_OBJC_ARC = YES;
				CLANG_ENABLE_OBJC_WEAK = YES;
				CLANG_WARN_BLOCK_CAPTURE_AUTORELEASING = YES;
				CLANG_WARN_BOOL_CONVERSION = YES;
				CLANG_WARN_COMMA = YES;
				CLANG_WARN_CONSTANT_CONVERSION = YES;
				CLANG_WARN_DEPRECATED_OBJC_IMPLEMENTATIONS = YES;
				CLANG_WARN_DIRECT_OBJC_ISA_USAGE = YES_ERROR;
				CLANG_WARN_DOCUMENTATION_COMMENTS = YES;
				CLANG_WARN_EMPTY_BODY = YES;
				CLANG_WARN_ENUM_CONVERSION = YES;
				CLANG_WARN_INFINITE_RECURSION = YES;
				CLANG_WARN_INT_CONVERSION = YES;
				CLANG_WARN_NON_LITERAL_NULL_CONVERSION = YES;
				CLANG_WARN_OBJC_IMPLICIT_RETAIN_SELF = YES;
				CLANG_WARN_OBJC_LITERAL_CONVERSION = YES;
				CLANG_WARN_OBJC_ROOT_CLASS = YES_ERROR;
				CLANG_WARN_QUOTED_INCLUDE_IN_FRAMEWORK_HEADER = YES;
				CLANG_WARN_RANGE_LOOP_ANALYSIS = YES;
				CLANG_WARN_STRICT_PROTOTYPES = YES;
				CLANG_WARN_SUSPICIOUS_MOVE = YES;
				CLANG_WARN_UNGUARDED_AVAILABILITY = YES_AGGRESSIVE;
				CLANG_WARN_UNREACHABLE_CODE = YES;
				CLANG_WARN__DUPLICATE_METHOD_MATCH = YES;
				COPY_PHASE_STRIP = NO;
				DEBUG_INFORMATION_FORMAT = dwarf;
				ENABLE_STRICT_OBJC_MSGSEND = YES;
				ENABLE_TESTABILITY = YES;
				GCC_C_LANGUAGE_STANDARD = gnu11;
				GCC_DYNAMIC_NO_PIC = NO;
				GCC_NO_COMMON_BLOCKS = YES;
				GCC_OPTIMIZATION_LEVEL = 0;
				GCC_PREPROCESSOR_DEFINITIONS = (
					"DEBUG=1",
					"$(inherited)",
				);
				GCC_WARN_64_TO_32_BIT_CONVERSION = YES;
				GCC_WARN_ABOUT_RETURN_TYPE = YES_ERROR;
				GCC_WARN_UNDECLARED_SELECTOR = YES;
				GCC_WARN_UNINITIALIZED_AUTOS = YES_AGGRESSIVE;
				GCC_WARN_UNUSED_FUNCTION = YES;
				GCC_WARN_UNUSED_VARIABLE = YES;
				IPHONEOS_DEPLOYMENT_TARGET = 14.0;
				MTL_ENABLE_DEBUG_INFO = INCLUDE_SOURCE;
				MTL_FAST_MATH = YES;
				ONLY_ACTIVE_ARCH = YES;
				SDKROOT = iphoneos;
				SWIFT_ACTIVE_COMPILATION_CONDITIONS = DEBUG;
				SWIFT_OPTIMIZATION_LEVEL = "-Onone";
			};
			name = Debug;
		};
		3D512E4725D4547400B21FF6 /* Release */ = {
			isa = XCBuildConfiguration;
			buildSettings = {
				ALWAYS_SEARCH_USER_PATHS = NO;
				CLANG_ANALYZER_NONNULL = YES;
				CLANG_ANALYZER_NUMBER_OBJECT_CONVERSION = YES_AGGRESSIVE;
				CLANG_CXX_LANGUAGE_STANDARD = "gnu++14";
				CLANG_CXX_LIBRARY = "libc++";
				CLANG_ENABLE_MODULES = YES;
				CLANG_ENABLE_OBJC_ARC = YES;
				CLANG_ENABLE_OBJC_WEAK = YES;
				CLANG_WARN_BLOCK_CAPTURE_AUTORELEASING = YES;
				CLANG_WARN_BOOL_CONVERSION = YES;
				CLANG_WARN_COMMA = YES;
				CLANG_WARN_CONSTANT_CONVERSION = YES;
				CLANG_WARN_DEPRECATED_OBJC_IMPLEMENTATIONS = YES;
				CLANG_WARN_DIRECT_OBJC_ISA_USAGE = YES_ERROR;
				CLANG_WARN_DOCUMENTATION_COMMENTS = YES;
				CLANG_WARN_EMPTY_BODY = YES;
				CLANG_WARN_ENUM_CONVERSION = YES;
				CLANG_WARN_INFINITE_RECURSION = YES;
				CLANG_WARN_INT_CONVERSION = YES;
				CLANG_WARN_NON_LITERAL_NULL_CONVERSION = YES;
				CLANG_WARN_OBJC_IMPLICIT_RETAIN_SELF = YES;
				CLANG_WARN_OBJC_LITERAL_CONVERSION = YES;
				CLANG_WARN_OBJC_ROOT_CLASS = YES_ERROR;
				CLANG_WARN_QUOTED_INCLUDE_IN_FRAMEWORK_HEADER = YES;
				CLANG_WARN_RANGE_LOOP_ANALYSIS = YES;
				CLANG_WARN_STRICT_PROTOTYPES = YES;
				CLANG_WARN_SUSPICIOUS_MOVE = YES;
				CLANG_WARN_UNGUARDED_AVAILABILITY = YES_AGGRESSIVE;
				CLANG_WARN_UNREACHABLE_CODE = YES;
				CLANG_WARN__DUPLICATE_METHOD_MATCH = YES;
				COPY_PHASE_STRIP = NO;
				DEBUG_INFORMATION_FORMAT = "dwarf-with-dsym";
				ENABLE_NS_ASSERTIONS = NO;
				ENABLE_STRICT_OBJC_MSGSEND = YES;
				GCC_C_LANGUAGE_STANDARD = gnu11;
				GCC_NO_COMMON_BLOCKS = YES;
				GCC_WARN_64_TO_32_BIT_CONVERSION = YES;
				GCC_WARN_ABOUT_RETURN_TYPE = YES_ERROR;
				GCC_WARN_UNDECLARED_SELECTOR = YES;
				GCC_WARN_UNINITIALIZED_AUTOS = YES_AGGRESSIVE;
				GCC_WARN_UNUSED_FUNCTION = YES;
				GCC_WARN_UNUSED_VARIABLE = YES;
				IPHONEOS_DEPLOYMENT_TARGET = 14.0;
				MTL_ENABLE_DEBUG_INFO = NO;
				MTL_FAST_MATH = YES;
				SDKROOT = iphoneos;
				SWIFT_COMPILATION_MODE = wholemodule;
				SWIFT_OPTIMIZATION_LEVEL = "-O";
				VALIDATE_PRODUCT = YES;
			};
			name = Release;
		};
		3D512E4925D4547400B21FF6 /* Debug */ = {
			isa = XCBuildConfiguration;
			baseConfigurationReference = 00C767CDC63A21B4BB98B462 /* Pods-DriveToSurvive.debug.xcconfig */;
			buildSettings = {
				ASSETCATALOG_COMPILER_APPICON_NAME = AppIcon;
				ASSETCATALOG_COMPILER_GLOBAL_ACCENT_COLOR_NAME = AccentColor;
				CODE_SIGN_STYLE = Automatic;
				DEVELOPMENT_TEAM = M5GYP2R28G;
				INFOPLIST_FILE = DriveToSurvive/Info.plist;
				LD_RUNPATH_SEARCH_PATHS = (
					"$(inherited)",
					"@executable_path/Frameworks",
				);
				PRODUCT_BUNDLE_IDENTIFIER = com.f1.app.DriveToSurvive;
				PRODUCT_NAME = "$(TARGET_NAME)";
				SWIFT_VERSION = 5.0;
				TARGETED_DEVICE_FAMILY = "1,2";
			};
			name = Debug;
		};
		3D512E4A25D4547400B21FF6 /* Release */ = {
			isa = XCBuildConfiguration;
			baseConfigurationReference = 6B85F1221D16D95D66E7D74E /* Pods-DriveToSurvive.release.xcconfig */;
			buildSettings = {
				ASSETCATALOG_COMPILER_APPICON_NAME = AppIcon;
				ASSETCATALOG_COMPILER_GLOBAL_ACCENT_COLOR_NAME = AccentColor;
				CODE_SIGN_STYLE = Automatic;
				DEVELOPMENT_TEAM = M5GYP2R28G;
				INFOPLIST_FILE = DriveToSurvive/Info.plist;
				LD_RUNPATH_SEARCH_PATHS = (
					"$(inherited)",
					"@executable_path/Frameworks",
				);
				PRODUCT_BUNDLE_IDENTIFIER = com.f1.app.DriveToSurvive;
				PRODUCT_NAME = "$(TARGET_NAME)";
				SWIFT_VERSION = 5.0;
				TARGETED_DEVICE_FAMILY = "1,2";
			};
			name = Release;
		};
		3D512E4C25D4547400B21FF6 /* Debug */ = {
			isa = XCBuildConfiguration;
			baseConfigurationReference = 84EDDD9ECDDF49FD69B8506E /* Pods-DriveToSurviveTests.debug.xcconfig */;
			buildSettings = {
				ALWAYS_EMBED_SWIFT_STANDARD_LIBRARIES = YES;
				BUNDLE_LOADER = "$(TEST_HOST)";
				CODE_SIGN_STYLE = Automatic;
				DEVELOPMENT_TEAM = M5GYP2R28G;
				INFOPLIST_FILE = DriveToSurviveTests/Info.plist;
				IPHONEOS_DEPLOYMENT_TARGET = 14.3;
				LD_RUNPATH_SEARCH_PATHS = (
					"$(inherited)",
					"@executable_path/Frameworks",
					"@loader_path/Frameworks",
				);
				PRODUCT_BUNDLE_IDENTIFIER = com.f1.app.DriveToSurviveTests;
				PRODUCT_NAME = "$(TARGET_NAME)";
				SWIFT_VERSION = 5.0;
				TARGETED_DEVICE_FAMILY = "1,2";
				TEST_HOST = "$(BUILT_PRODUCTS_DIR)/DriveToSurvive.app/DriveToSurvive";
			};
			name = Debug;
		};
		3D512E4D25D4547400B21FF6 /* Release */ = {
			isa = XCBuildConfiguration;
			baseConfigurationReference = 02A78585B35526F4CFCCBE1F /* Pods-DriveToSurviveTests.release.xcconfig */;
			buildSettings = {
				ALWAYS_EMBED_SWIFT_STANDARD_LIBRARIES = YES;
				BUNDLE_LOADER = "$(TEST_HOST)";
				CODE_SIGN_STYLE = Automatic;
				DEVELOPMENT_TEAM = M5GYP2R28G;
				INFOPLIST_FILE = DriveToSurviveTests/Info.plist;
				IPHONEOS_DEPLOYMENT_TARGET = 14.3;
				LD_RUNPATH_SEARCH_PATHS = (
					"$(inherited)",
					"@executable_path/Frameworks",
					"@loader_path/Frameworks",
				);
				PRODUCT_BUNDLE_IDENTIFIER = com.f1.app.DriveToSurviveTests;
				PRODUCT_NAME = "$(TARGET_NAME)";
				SWIFT_VERSION = 5.0;
				TARGETED_DEVICE_FAMILY = "1,2";
				TEST_HOST = "$(BUILT_PRODUCTS_DIR)/DriveToSurvive.app/DriveToSurvive";
			};
			name = Release;
		};
		3D512E4F25D4547400B21FF6 /* Debug */ = {
			isa = XCBuildConfiguration;
			baseConfigurationReference = 85D4A685C8A989F601240DD4 /* Pods-DriveToSurvive-DriveToSurviveUITests.debug.xcconfig */;
			buildSettings = {
				ALWAYS_EMBED_SWIFT_STANDARD_LIBRARIES = YES;
				CODE_SIGN_STYLE = Automatic;
				DEVELOPMENT_TEAM = M5GYP2R28G;
				INFOPLIST_FILE = DriveToSurviveUITests/Info.plist;
				LD_RUNPATH_SEARCH_PATHS = (
					"$(inherited)",
					"@executable_path/Frameworks",
					"@loader_path/Frameworks",
				);
				PRODUCT_BUNDLE_IDENTIFIER = com.f1.app.DriveToSurviveUITests;
				PRODUCT_NAME = "$(TARGET_NAME)";
				SWIFT_VERSION = 5.0;
				TARGETED_DEVICE_FAMILY = "1,2";
				TEST_TARGET_NAME = DriveToSurvive;
			};
			name = Debug;
		};
		3D512E5025D4547400B21FF6 /* Release */ = {
			isa = XCBuildConfiguration;
			baseConfigurationReference = E1A674A095F793DB283B9E0A /* Pods-DriveToSurvive-DriveToSurviveUITests.release.xcconfig */;
			buildSettings = {
				ALWAYS_EMBED_SWIFT_STANDARD_LIBRARIES = YES;
				CODE_SIGN_STYLE = Automatic;
				DEVELOPMENT_TEAM = M5GYP2R28G;
				INFOPLIST_FILE = DriveToSurviveUITests/Info.plist;
				LD_RUNPATH_SEARCH_PATHS = (
					"$(inherited)",
					"@executable_path/Frameworks",
					"@loader_path/Frameworks",
				);
				PRODUCT_BUNDLE_IDENTIFIER = com.f1.app.DriveToSurviveUITests;
				PRODUCT_NAME = "$(TARGET_NAME)";
				SWIFT_VERSION = 5.0;
				TARGETED_DEVICE_FAMILY = "1,2";
				TEST_TARGET_NAME = DriveToSurvive;
			};
			name = Release;
		};
/* End XCBuildConfiguration section */

/* Begin XCConfigurationList section */
		3D512E1925D4547200B21FF6 /* Build configuration list for PBXProject "DriveToSurvive" */ = {
			isa = XCConfigurationList;
			buildConfigurations = (
				3D512E4625D4547400B21FF6 /* Debug */,
				3D512E4725D4547400B21FF6 /* Release */,
			);
			defaultConfigurationIsVisible = 0;
			defaultConfigurationName = Release;
		};
		3D512E4825D4547400B21FF6 /* Build configuration list for PBXNativeTarget "DriveToSurvive" */ = {
			isa = XCConfigurationList;
			buildConfigurations = (
				3D512E4925D4547400B21FF6 /* Debug */,
				3D512E4A25D4547400B21FF6 /* Release */,
			);
			defaultConfigurationIsVisible = 0;
			defaultConfigurationName = Release;
		};
		3D512E4B25D4547400B21FF6 /* Build configuration list for PBXNativeTarget "DriveToSurviveTests" */ = {
			isa = XCConfigurationList;
			buildConfigurations = (
				3D512E4C25D4547400B21FF6 /* Debug */,
				3D512E4D25D4547400B21FF6 /* Release */,
			);
			defaultConfigurationIsVisible = 0;
			defaultConfigurationName = Release;
		};
		3D512E4E25D4547400B21FF6 /* Build configuration list for PBXNativeTarget "DriveToSurviveUITests" */ = {
			isa = XCConfigurationList;
			buildConfigurations = (
				3D512E4F25D4547400B21FF6 /* Debug */,
				3D512E5025D4547400B21FF6 /* Release */,
			);
			defaultConfigurationIsVisible = 0;
			defaultConfigurationName = Release;
		};
/* End XCConfigurationList section */
	};
	rootObject = 3D512E1625D4547200B21FF6 /* Project object */;
}
